
Microsoft Visual Studio Solution File, Format Version 11.00
# Visual Studio 2010
Project("{8BC9CEB8-8B4A-11D0-8D11-00A0C91BC942}") = "rtk", "rtk\rtk.vcxproj", "{226765E2-5601-4B01-BE80-AF9EA17CAA80}"
EndProject
Global
	GlobalSection(SolutionConfigurationPlatforms) = preSolution
		Debug|Win32 = Debug|Win32
		Release|Win32 = Release|Win32
	EndGlobalSection
	GlobalSection(ProjectConfigurationPlatforms) = postSolution
		{226765E2-5601-4B01-BE80-AF9EA17CAA80}.Debug|Win32.ActiveCfg = Debug|Win32
		{226765E2-5601-4B01-BE80-AF9EA17CAA80}.Debug|Win32.Build.0 = Debug|Win32
		{226765E2-5601-4B01-BE80-AF9EA17CAA80}.Release|Win32.ActiveCfg = Release|Win32
		{226765E2-5601-4B01-BE80-AF9EA17CAA80}.Release|Win32.Build.0 = Release|Win32
	EndGlobalSection
	GlobalSection(SolutionProperties) = preSolution
		HideSolutionNode = FALSE
	EndGlobalSection
EndGlobal
